
Microsoft Visual Studio Solution File, Format Version 12.00
# Visual Studio 15
VisualStudioVersion = 15.0.28307.1145
MinimumVisualStudioVersion = 10.0.40219.1
Project("{FAE04EC0-301F-11D3-BF4B-00C04F79EFBC}") = "ConsoleDemoGitRepoApp", "ConsoleDemoGitRepoApp\ConsoleDemoGitRepoApp.csproj", "{788524B3-EDA3-44C9-8199-D2835D91218E}"
EndProject
Global
	GlobalSection(SolutionConfigurationPlatforms) = preSolution
		Debug|Any CPU = Debug|Any CPU
		Release|Any CPU = Release|Any CPU
	EndGlobalSection
	GlobalSection(ProjectConfigurationPlatforms) = postSolution
		{788524B3-EDA3-44C9-8199-D2835D91218E}.Debug|Any CPU.ActiveCfg = Debug|Any CPU
		{788524B3-EDA3-44C9-8199-D2835D91218E}.Debug|Any CPU.Build.0 = Debug|Any CPU
		{788524B3-EDA3-44C9-8199-D2835D91218E}.Release|Any CPU.ActiveCfg = Release|Any CPU
		{788524B3-EDA3-44C9-8199-D2835D91218E}.Release|Any CPU.Build.0 = Release|Any CPU
	EndGlobalSection
	GlobalSection(SolutionProperties) = preSolution
		HideSolutionNode = FALSE
	EndGlobalSection
	GlobalSection(ExtensibilityGlobals) = postSolution
		SolutionGuid = {15FCEEA6-26E7-48EA-AF7B-13BAA59A9642}
	EndGlobalSection
EndGlobal
